
Microsoft Visual Studio Solution File, Format Version 12.00
# Visual Studio Version 17
VisualStudioVersion = 17.3.32804.467
MinimumVisualStudioVersion = 10.0.40219.1
Project("{2150E333-8FDC-42A3-9474-1A3956D46DE8}") = "Services", "Services", "{B275C08B-E775-4667-9698-C60196BE9227}"
EndProject
Project("{2150E333-8FDC-42A3-9474-1A3956D46DE8}") = "Catalog", "Catalog", "{089A0BBA-59D7-4C36-8AF2-561772A3D779}"
EndProject
Project("{9A19103F-16F7-4668-BE54-9A1E7A4F7556}") = "Catalog.API", "Services\Catalog\Catalog.API\Catalog.API.csproj", "{CAA1DC4D-0CFA-4371-A4B3-9E121108DA80}"
EndProject
Project("{E53339B2-1760-4266-BCC7-CA923CBCF16C}") = "docker-compose", "docker-compose.dcproj", "{A73CC791-5CB2-4BCE-8A7A-3AB4358C18FA}"
EndProject
Project("{2150E333-8FDC-42A3-9474-1A3956D46DE8}") = "Basket", "Basket", "{36C583C7-1857-4BD3-955B-EE0DCE167783}"
EndProject
Project("{FAE04EC0-301F-11D3-BF4B-00C04F79EFBC}") = "Basket.API", "Services\Basket\Basket.API\Basket.API.csproj", "{4DF75D2A-7B63-41DD-A9FC-6C6562754F2A}"
EndProject
Global
	GlobalSection(SolutionConfigurationPlatforms) = preSolution
		Debug|Any CPU = Debug|Any CPU
		Release|Any CPU = Release|Any CPU
	EndGlobalSection
	GlobalSection(ProjectConfigurationPlatforms) = postSolution
		{CAA1DC4D-0CFA-4371-A4B3-9E121108DA80}.Debug|Any CPU.ActiveCfg = Debug|Any CPU
		{CAA1DC4D-0CFA-4371-A4B3-9E121108DA80}.Debug|Any CPU.Build.0 = Debug|Any CPU
		{CAA1DC4D-0CFA-4371-A4B3-9E121108DA80}.Release|Any CPU.ActiveCfg = Release|Any CPU
		{CAA1DC4D-0CFA-4371-A4B3-9E121108DA80}.Release|Any CPU.Build.0 = Release|Any CPU
		{A73CC791-5CB2-4BCE-8A7A-3AB4358C18FA}.Debug|Any CPU.ActiveCfg = Debug|Any CPU
		{A73CC791-5CB2-4BCE-8A7A-3AB4358C18FA}.Debug|Any CPU.Build.0 = Debug|Any CPU
		{A73CC791-5CB2-4BCE-8A7A-3AB4358C18FA}.Release|Any CPU.ActiveCfg = Release|Any CPU
		{A73CC791-5CB2-4BCE-8A7A-3AB4358C18FA}.Release|Any CPU.Build.0 = Release|Any CPU
		{4DF75D2A-7B63-41DD-A9FC-6C6562754F2A}.Debug|Any CPU.ActiveCfg = Debug|Any CPU
		{4DF75D2A-7B63-41DD-A9FC-6C6562754F2A}.Debug|Any CPU.Build.0 = Debug|Any CPU
		{4DF75D2A-7B63-41DD-A9FC-6C6562754F2A}.Release|Any CPU.ActiveCfg = Release|Any CPU
		{4DF75D2A-7B63-41DD-A9FC-6C6562754F2A}.Release|Any CPU.Build.0 = Release|Any CPU
	EndGlobalSection
	GlobalSection(SolutionProperties) = preSolution
		HideSolutionNode = FALSE
	EndGlobalSection
	GlobalSection(NestedProjects) = preSolution
		{089A0BBA-59D7-4C36-8AF2-561772A3D779} = {B275C08B-E775-4667-9698-C60196BE9227}
		{CAA1DC4D-0CFA-4371-A4B3-9E121108DA80} = {089A0BBA-59D7-4C36-8AF2-561772A3D779}
		{36C583C7-1857-4BD3-955B-EE0DCE167783} = {B275C08B-E775-4667-9698-C60196BE9227}
		{4DF75D2A-7B63-41DD-A9FC-6C6562754F2A} = {36C583C7-1857-4BD3-955B-EE0DCE167783}
	EndGlobalSection
	GlobalSection(ExtensibilityGlobals) = postSolution
		SolutionGuid = {B07C8563-A5AC-4F33-A7DE-48E2F0A615A1}
	EndGlobalSection
EndGlobal
